
Microsoft Visual Studio Solution File, Format Version 12.00
# Visual Studio Version 17
VisualStudioVersion = 17.12.35527.113
MinimumVisualStudioVersion = 10.0.40219.1
Project("{FAE04EC0-301F-11D3-BF4B-00C04F79EFBC}") = "CustomerManagement", "CustomerManagement\CustomerManagement.csproj", "{B67C37CD-CB2A-4D03-81BD-CC28D90E9852}"
EndProject
Project("{FAE04EC0-301F-11D3-BF4B-00C04F79EFBC}") = "CustomerManagement.Infrastructure", "CustomerManagement.Infrastructure\CustomerManagement.Infrastructure.csproj", "{200EEA4D-A9D0-48A3-ACC5-A4649642D36F}"
EndProject
Project("{FAE04EC0-301F-11D3-BF4B-00C04F79EFBC}") = "CustomerManagement.Core", "CustomerManagement.Core\CustomerManagement.Core.csproj", "{C60AA5BA-C206-4D4E-9C49-ABBEB87B5403}"
EndProject
Global
	GlobalSection(SolutionConfigurationPlatforms) = preSolution
		Debug|Any CPU = Debug|Any CPU
		Release|Any CPU = Release|Any CPU
	EndGlobalSection
	GlobalSection(ProjectConfigurationPlatforms) = postSolution
		{B67C37CD-CB2A-4D03-81BD-CC28D90E9852}.Debug|Any CPU.ActiveCfg = Debug|Any CPU
		{B67C37CD-CB2A-4D03-81BD-CC28D90E9852}.Debug|Any CPU.Build.0 = Debug|Any CPU
		{B67C37CD-CB2A-4D03-81BD-CC28D90E9852}.Release|Any CPU.ActiveCfg = Release|Any CPU
		{B67C37CD-CB2A-4D03-81BD-CC28D90E9852}.Release|Any CPU.Build.0 = Release|Any CPU
		{200EEA4D-A9D0-48A3-ACC5-A4649642D36F}.Debug|Any CPU.ActiveCfg = Debug|Any CPU
		{200EEA4D-A9D0-48A3-ACC5-A4649642D36F}.Debug|Any CPU.Build.0 = Debug|Any CPU
		{200EEA4D-A9D0-48A3-ACC5-A4649642D36F}.Release|Any CPU.ActiveCfg = Release|Any CPU
		{200EEA4D-A9D0-48A3-ACC5-A4649642D36F}.Release|Any CPU.Build.0 = Release|Any CPU
		{C60AA5BA-C206-4D4E-9C49-ABBEB87B5403}.Debug|Any CPU.ActiveCfg = Debug|Any CPU
		{C60AA5BA-C206-4D4E-9C49-ABBEB87B5403}.Debug|Any CPU.Build.0 = Debug|Any CPU
		{C60AA5BA-C206-4D4E-9C49-ABBEB87B5403}.Release|Any CPU.ActiveCfg = Release|Any CPU
		{C60AA5BA-C206-4D4E-9C49-ABBEB87B5403}.Release|Any CPU.Build.0 = Release|Any CPU
	EndGlobalSection
	GlobalSection(SolutionProperties) = preSolution
		HideSolutionNode = FALSE
	EndGlobalSection
EndGlobal
